{
  "requires": true,
  "lockfileVersion": 1,
  "dependencies": {
    "phaser-ce": {
      "version": "2.13.1",
      "resolved": "https://registry.npmjs.org/phaser-ce/-/phaser-ce-2.13.1.tgz",
      "integrity": "sha512-O5E3W5xIYnzrxopYarR1zyljHjCK2eHb1XDy2NggXOFnmGXI9/CH0Co4DC7gT926cSandG2YeMkCXwPlxWU7aw=="
    }
  }
}
